
Microsoft Visual Studio Solution File, Format Version 12.00
# Visual Studio Version 16
VisualStudioVersion = 16.0.29728.190
MinimumVisualStudioVersion = 10.0.40219.1
Project("{FAE04EC0-301F-11D3-BF4B-00C04F79EFBC}") = "MediaConcept", "MediaConcept\MediaConcept.csproj", "{7BB2F19F-4A1F-42E3-B774-F0014284EB12}"
EndProject
Global
	GlobalSection(SolutionConfigurationPlatforms) = preSolution
		Debug|Any CPU = Debug|Any CPU
		Release|Any CPU = Release|Any CPU
	EndGlobalSection
	GlobalSection(ProjectConfigurationPlatforms) = postSolution
		{7BB2F19F-4A1F-42E3-B774-F0014284EB12}.Debug|Any CPU.ActiveCfg = Debug|Any CPU
		{7BB2F19F-4A1F-42E3-B774-F0014284EB12}.Debug|Any CPU.Build.0 = Debug|Any CPU
		{7BB2F19F-4A1F-42E3-B774-F0014284EB12}.Release|Any CPU.ActiveCfg = Release|Any CPU
		{7BB2F19F-4A1F-42E3-B774-F0014284EB12}.Release|Any CPU.Build.0 = Release|Any CPU
	EndGlobalSection
	GlobalSection(SolutionProperties) = preSolution
		HideSolutionNode = FALSE
	EndGlobalSection
	GlobalSection(ExtensibilityGlobals) = postSolution
		SolutionGuid = {C9F8DE87-CA6B-46E4-83FB-E25A1520B40B}
	EndGlobalSection
EndGlobal
